
Microsoft Visual Studio Solution File, Format Version 12.00
# Visual Studio 14
VisualStudioVersion = 14.0.25420.1
MinimumVisualStudioVersion = 10.0.40219.1
Project("{FAE04EC0-301F-11D3-BF4B-00C04F79EFBC}") = "MainApp", "MainApp\MainApp.csproj", "{E38112FE-5C3D-43EB-B8BD-5E885101AB4C}"
EndProject
Project("{FAE04EC0-301F-11D3-BF4B-00C04F79EFBC}") = "Library", "Library\Library.csproj", "{868F774C-8887-4C62-8E29-AC3B3A73D6C9}"
EndProject
Project("{2150E333-8FDC-42A3-9474-1A3956D46DE8}") = "Libraries", "Libraries", "{2CD2C9E5-DD76-4525-91CC-5B8E5F4454A1}"
EndProject
Project("{FAE04EC0-301F-11D3-BF4B-00C04F79EFBC}") = "TencentLibrary", "TencentLibrary\TencentLibrary.csproj", "{35AE723F-416A-4076-870B-EE8022010ECC}"
EndProject
Project("{FAE04EC0-301F-11D3-BF4B-00C04F79EFBC}") = "FloorPlanMap", "..\..\FloorPlanProjectV2\FloorPlanMap\FloorPlanMap.csproj", "{9207325A-AAF6-48AB-8F5F-80721A6C6D19}"
EndProject
Global
	GlobalSection(SolutionConfigurationPlatforms) = preSolution
		Debug|Any CPU = Debug|Any CPU
		Debug|x64 = Debug|x64
		Release|Any CPU = Release|Any CPU
		Release|x64 = Release|x64
	EndGlobalSection
	GlobalSection(ProjectConfigurationPlatforms) = postSolution
		{E38112FE-5C3D-43EB-B8BD-5E885101AB4C}.Debug|Any CPU.ActiveCfg = Debug|Any CPU
		{E38112FE-5C3D-43EB-B8BD-5E885101AB4C}.Debug|Any CPU.Build.0 = Debug|Any CPU
		{E38112FE-5C3D-43EB-B8BD-5E885101AB4C}.Debug|x64.ActiveCfg = Debug|x64
		{E38112FE-5C3D-43EB-B8BD-5E885101AB4C}.Debug|x64.Build.0 = Debug|x64
		{E38112FE-5C3D-43EB-B8BD-5E885101AB4C}.Release|Any CPU.ActiveCfg = Release|Any CPU
		{E38112FE-5C3D-43EB-B8BD-5E885101AB4C}.Release|Any CPU.Build.0 = Release|Any CPU
		{E38112FE-5C3D-43EB-B8BD-5E885101AB4C}.Release|x64.ActiveCfg = Release|Any CPU
		{E38112FE-5C3D-43EB-B8BD-5E885101AB4C}.Release|x64.Build.0 = Release|Any CPU
		{868F774C-8887-4C62-8E29-AC3B3A73D6C9}.Debug|Any CPU.ActiveCfg = Debug|Any CPU
		{868F774C-8887-4C62-8E29-AC3B3A73D6C9}.Debug|Any CPU.Build.0 = Debug|Any CPU
		{868F774C-8887-4C62-8E29-AC3B3A73D6C9}.Debug|x64.ActiveCfg = Debug|Any CPU
		{868F774C-8887-4C62-8E29-AC3B3A73D6C9}.Debug|x64.Build.0 = Debug|Any CPU
		{868F774C-8887-4C62-8E29-AC3B3A73D6C9}.Release|Any CPU.ActiveCfg = Release|Any CPU
		{868F774C-8887-4C62-8E29-AC3B3A73D6C9}.Release|Any CPU.Build.0 = Release|Any CPU
		{868F774C-8887-4C62-8E29-AC3B3A73D6C9}.Release|x64.ActiveCfg = Release|Any CPU
		{868F774C-8887-4C62-8E29-AC3B3A73D6C9}.Release|x64.Build.0 = Release|Any CPU
		{35AE723F-416A-4076-870B-EE8022010ECC}.Debug|Any CPU.ActiveCfg = Debug|Any CPU
		{35AE723F-416A-4076-870B-EE8022010ECC}.Debug|Any CPU.Build.0 = Debug|Any CPU
		{35AE723F-416A-4076-870B-EE8022010ECC}.Debug|x64.ActiveCfg = Debug|Any CPU
		{35AE723F-416A-4076-870B-EE8022010ECC}.Debug|x64.Build.0 = Debug|Any CPU
		{35AE723F-416A-4076-870B-EE8022010ECC}.Release|Any CPU.ActiveCfg = Release|Any CPU
		{35AE723F-416A-4076-870B-EE8022010ECC}.Release|Any CPU.Build.0 = Release|Any CPU
		{35AE723F-416A-4076-870B-EE8022010ECC}.Release|x64.ActiveCfg = Release|Any CPU
		{35AE723F-416A-4076-870B-EE8022010ECC}.Release|x64.Build.0 = Release|Any CPU
		{9207325A-AAF6-48AB-8F5F-80721A6C6D19}.Debug|Any CPU.ActiveCfg = Debug|Any CPU
		{9207325A-AAF6-48AB-8F5F-80721A6C6D19}.Debug|Any CPU.Build.0 = Debug|Any CPU
		{9207325A-AAF6-48AB-8F5F-80721A6C6D19}.Debug|x64.ActiveCfg = Debug|Any CPU
		{9207325A-AAF6-48AB-8F5F-80721A6C6D19}.Debug|x64.Build.0 = Debug|Any CPU
		{9207325A-AAF6-48AB-8F5F-80721A6C6D19}.Release|Any CPU.ActiveCfg = Release|Any CPU
		{9207325A-AAF6-48AB-8F5F-80721A6C6D19}.Release|Any CPU.Build.0 = Release|Any CPU
		{9207325A-AAF6-48AB-8F5F-80721A6C6D19}.Release|x64.ActiveCfg = Release|Any CPU
		{9207325A-AAF6-48AB-8F5F-80721A6C6D19}.Release|x64.Build.0 = Release|Any CPU
	EndGlobalSection
	GlobalSection(SolutionProperties) = preSolution
		HideSolutionNode = FALSE
	EndGlobalSection
	GlobalSection(NestedProjects) = preSolution
		{868F774C-8887-4C62-8E29-AC3B3A73D6C9} = {2CD2C9E5-DD76-4525-91CC-5B8E5F4454A1}
		{35AE723F-416A-4076-870B-EE8022010ECC} = {2CD2C9E5-DD76-4525-91CC-5B8E5F4454A1}
		{9207325A-AAF6-48AB-8F5F-80721A6C6D19} = {2CD2C9E5-DD76-4525-91CC-5B8E5F4454A1}
	EndGlobalSection
EndGlobal
